
Microsoft Visual Studio Solution File, Format Version 12.00
# Visual Studio Version 16
VisualStudioVersion = 25.0.1706.4
MinimumVisualStudioVersion = 10.0.40219.1
Project("{FAE04EC0-301F-11D3-BF4B-00C04F79EFBC}") = "b3", "b3\b3.csproj", "{979F8AA7-7DA8-43EC-B863-11D341D50B77}"
EndProject
Global
	GlobalSection(SolutionConfigurationPlatforms) = preSolution
		Debug|Any CPU = Debug|Any CPU
		Release|Any CPU = Release|Any CPU
	EndGlobalSection
	GlobalSection(ProjectConfigurationPlatforms) = postSolution
		{979F8AA7-7DA8-43EC-B863-11D341D50B77}.Debug|Any CPU.ActiveCfg = Debug|Any CPU
		{979F8AA7-7DA8-43EC-B863-11D341D50B77}.Debug|Any CPU.Build.0 = Debug|Any CPU
		{979F8AA7-7DA8-43EC-B863-11D341D50B77}.Release|Any CPU.ActiveCfg = Release|Any CPU
		{979F8AA7-7DA8-43EC-B863-11D341D50B77}.Release|Any CPU.Build.0 = Release|Any CPU
	EndGlobalSection
	GlobalSection(SolutionProperties) = preSolution
		HideSolutionNode = FALSE
	EndGlobalSection
	GlobalSection(ExtensibilityGlobals) = postSolution
		SolutionGuid = {6BEED681-96CF-4275-AC56-895CE5433698}
	EndGlobalSection
EndGlobal
